
Microsoft Visual Studio Solution File, Format Version 12.00
# Visual Studio 2012
Project("{FAE04EC0-301F-11D3-BF4B-00C04F79EFBC}") = "dpworkswebsite", "dpworkswebsite.csproj", "{9FBE9E75-4504-459B-A669-184B156AA48C}"
EndProject
Project("{FAE04EC0-301F-11D3-BF4B-00C04F79EFBC}") = "Clifton.WebServer", "..\..\BasicWebServer\Clifton.WebServer\Clifton.WebServer.csproj", "{34BA120B-8D01-4DC0-B841-2AE17A8B5258}"
EndProject
Project("{FAE04EC0-301F-11D3-BF4B-00C04F79EFBC}") = "Clifton.Extensions", "..\..\BasicWebServer\Clifton.Extensions\Clifton.Extensions.csproj", "{3994CA2A-D499-429A-B04A-3E3ED33D357C}"
EndProject
Global
	GlobalSection(SolutionConfigurationPlatforms) = preSolution
		Debug|Any CPU = Debug|Any CPU
		Release|Any CPU = Release|Any CPU
	EndGlobalSection
	GlobalSection(ProjectConfigurationPlatforms) = postSolution
		{9FBE9E75-4504-459B-A669-184B156AA48C}.Debug|Any CPU.ActiveCfg = Debug|Any CPU
		{9FBE9E75-4504-459B-A669-184B156AA48C}.Debug|Any CPU.Build.0 = Debug|Any CPU
		{9FBE9E75-4504-459B-A669-184B156AA48C}.Release|Any CPU.ActiveCfg = Release|Any CPU
		{9FBE9E75-4504-459B-A669-184B156AA48C}.Release|Any CPU.Build.0 = Release|Any CPU
		{34BA120B-8D01-4DC0-B841-2AE17A8B5258}.Debug|Any CPU.ActiveCfg = Debug|Any CPU
		{34BA120B-8D01-4DC0-B841-2AE17A8B5258}.Debug|Any CPU.Build.0 = Debug|Any CPU
		{34BA120B-8D01-4DC0-B841-2AE17A8B5258}.Release|Any CPU.ActiveCfg = Release|Any CPU
		{34BA120B-8D01-4DC0-B841-2AE17A8B5258}.Release|Any CPU.Build.0 = Release|Any CPU
		{3994CA2A-D499-429A-B04A-3E3ED33D357C}.Debug|Any CPU.ActiveCfg = Debug|Any CPU
		{3994CA2A-D499-429A-B04A-3E3ED33D357C}.Debug|Any CPU.Build.0 = Debug|Any CPU
		{3994CA2A-D499-429A-B04A-3E3ED33D357C}.Release|Any CPU.ActiveCfg = Release|Any CPU
		{3994CA2A-D499-429A-B04A-3E3ED33D357C}.Release|Any CPU.Build.0 = Release|Any CPU
	EndGlobalSection
	GlobalSection(SolutionProperties) = preSolution
		HideSolutionNode = FALSE
	EndGlobalSection
EndGlobal
